
Microsoft Visual Studio Solution File, Format Version 12.00
# Visual Studio Version 16
VisualStudioVersion = 16.0.29728.190
MinimumVisualStudioVersion = 10.0.40219.1
Project("{FAE04EC0-301F-11D3-BF4B-00C04F79EFBC}") = "CurrensyExchangeProgram", "CurrensyExchangeProgram.csproj", "{B62DBC73-998F-447A-A200-BF319C022DA2}"
EndProject
Global
	GlobalSection(SolutionConfigurationPlatforms) = preSolution
		Debug|Any CPU = Debug|Any CPU
		Release|Any CPU = Release|Any CPU
	EndGlobalSection
	GlobalSection(ProjectConfigurationPlatforms) = postSolution
		{B62DBC73-998F-447A-A200-BF319C022DA2}.Debug|Any CPU.ActiveCfg = Debug|Any CPU
		{B62DBC73-998F-447A-A200-BF319C022DA2}.Debug|Any CPU.Build.0 = Debug|Any CPU
		{B62DBC73-998F-447A-A200-BF319C022DA2}.Release|Any CPU.ActiveCfg = Release|Any CPU
		{B62DBC73-998F-447A-A200-BF319C022DA2}.Release|Any CPU.Build.0 = Release|Any CPU
	EndGlobalSection
	GlobalSection(SolutionProperties) = preSolution
		HideSolutionNode = FALSE
	EndGlobalSection
	GlobalSection(ExtensibilityGlobals) = postSolution
		SolutionGuid = {0B330CA7-AA66-4047-ADEF-0FA2713643B0}
	EndGlobalSection
EndGlobal
